
Microsoft Visual Studio Solution File, Format Version 12.00
# Visual Studio Version 17
VisualStudioVersion = 17.9.34723.18
MinimumVisualStudioVersion = 10.0.40219.1
Project("{FAE04EC0-301F-11D3-BF4B-00C04F79EFBC}") = "Evaluacion_I_Comp_Escritorio_CJL", "Evaluacion_I_Comp_Escritorio_CJL.csproj", "{69C1644A-EC58-4E64-BD38-82EC9A95846D}"
EndProject
Global
	GlobalSection(SolutionConfigurationPlatforms) = preSolution
		Debug|Any CPU = Debug|Any CPU
		Release|Any CPU = Release|Any CPU
	EndGlobalSection
	GlobalSection(ProjectConfigurationPlatforms) = postSolution
		{69C1644A-EC58-4E64-BD38-82EC9A95846D}.Debug|Any CPU.ActiveCfg = Debug|Any CPU
		{69C1644A-EC58-4E64-BD38-82EC9A95846D}.Debug|Any CPU.Build.0 = Debug|Any CPU
		{69C1644A-EC58-4E64-BD38-82EC9A95846D}.Release|Any CPU.ActiveCfg = Release|Any CPU
		{69C1644A-EC58-4E64-BD38-82EC9A95846D}.Release|Any CPU.Build.0 = Release|Any CPU
	EndGlobalSection
	GlobalSection(SolutionProperties) = preSolution
		HideSolutionNode = FALSE
	EndGlobalSection
	GlobalSection(ExtensibilityGlobals) = postSolution
		SolutionGuid = {E620B065-15F7-4557-BA5F-A3D9EEB5EE3B}
	EndGlobalSection
EndGlobal
